
Microsoft Visual Studio Solution File, Format Version 12.00
# Visual Studio 2013
VisualStudioVersion = 12.0.31101.0
MinimumVisualStudioVersion = 10.0.40219.1
Project("{FAE04EC0-301F-11D3-BF4B-00C04F79EFBC}") = "AzureStorageExplorer", "AzureStorageExplorer\AzureStorageExplorer.csproj", "{D4A91D0D-7CFF-437D-A05C-D7BC371CE4EC}"
EndProject
Global
	GlobalSection(SolutionConfigurationPlatforms) = preSolution
		CD_ROM|Any CPU = CD_ROM|Any CPU
		Debug|Any CPU = Debug|Any CPU
		DVD-5|Any CPU = DVD-5|Any CPU
		Release|Any CPU = Release|Any CPU
		SingleImage|Any CPU = SingleImage|Any CPU
	EndGlobalSection
	GlobalSection(ProjectConfigurationPlatforms) = postSolution
		{D4A91D0D-7CFF-437D-A05C-D7BC371CE4EC}.CD_ROM|Any CPU.ActiveCfg = Release|Any CPU
		{D4A91D0D-7CFF-437D-A05C-D7BC371CE4EC}.Debug|Any CPU.ActiveCfg = Debug|Any CPU
		{D4A91D0D-7CFF-437D-A05C-D7BC371CE4EC}.Debug|Any CPU.Build.0 = Debug|Any CPU
		{D4A91D0D-7CFF-437D-A05C-D7BC371CE4EC}.DVD-5|Any CPU.ActiveCfg = Debug|Any CPU
		{D4A91D0D-7CFF-437D-A05C-D7BC371CE4EC}.Release|Any CPU.ActiveCfg = Release|Any CPU
		{D4A91D0D-7CFF-437D-A05C-D7BC371CE4EC}.Release|Any CPU.Build.0 = Release|Any CPU
		{D4A91D0D-7CFF-437D-A05C-D7BC371CE4EC}.SingleImage|Any CPU.ActiveCfg = Release|Any CPU
	EndGlobalSection
	GlobalSection(SolutionProperties) = preSolution
		HideSolutionNode = FALSE
	EndGlobalSection
EndGlobal
